
Microsoft Visual Studio Solution File, Format Version 12.00
# Visual Studio Version 16
VisualStudioVersion = 16.0.30011.22
MinimumVisualStudioVersion = 10.0.40219.1
Project("{FAE04EC0-301F-11D3-BF4B-00C04F79EFBC}") = "YoYoTestApp", "YoYoTestApp\YoYoTestApp.csproj", "{32102988-DB13-4C38-B00C-6252DAEC1507}"
EndProject
Global
	GlobalSection(SolutionConfigurationPlatforms) = preSolution
		Debug|Any CPU = Debug|Any CPU
		Release|Any CPU = Release|Any CPU
	EndGlobalSection
	GlobalSection(ProjectConfigurationPlatforms) = postSolution
		{32102988-DB13-4C38-B00C-6252DAEC1507}.Debug|Any CPU.ActiveCfg = Debug|Any CPU
		{32102988-DB13-4C38-B00C-6252DAEC1507}.Debug|Any CPU.Build.0 = Debug|Any CPU
		{32102988-DB13-4C38-B00C-6252DAEC1507}.Release|Any CPU.ActiveCfg = Release|Any CPU
		{32102988-DB13-4C38-B00C-6252DAEC1507}.Release|Any CPU.Build.0 = Release|Any CPU
	EndGlobalSection
	GlobalSection(SolutionProperties) = preSolution
		HideSolutionNode = FALSE
	EndGlobalSection
	GlobalSection(ExtensibilityGlobals) = postSolution
		SolutionGuid = {2E0A844A-011F-453D-B67B-20D03139909C}
	EndGlobalSection
EndGlobal
